
Microsoft Visual Studio Solution File, Format Version 12.00
# Visual Studio Version 16
VisualStudioVersion = 16.0.31019.35
MinimumVisualStudioVersion = 10.0.40219.1
Project("{FAE04EC0-301F-11D3-BF4B-00C04F79EFBC}") = "ExerciciosWhile", "ExerciciosWhile\ExerciciosWhile.csproj", "{00553579-A4A3-4254-93D4-94214D56BA8F}"
EndProject
Global
	GlobalSection(SolutionConfigurationPlatforms) = preSolution
		Debug|Any CPU = Debug|Any CPU
		Release|Any CPU = Release|Any CPU
	EndGlobalSection
	GlobalSection(ProjectConfigurationPlatforms) = postSolution
		{00553579-A4A3-4254-93D4-94214D56BA8F}.Debug|Any CPU.ActiveCfg = Debug|Any CPU
		{00553579-A4A3-4254-93D4-94214D56BA8F}.Debug|Any CPU.Build.0 = Debug|Any CPU
		{00553579-A4A3-4254-93D4-94214D56BA8F}.Release|Any CPU.ActiveCfg = Release|Any CPU
		{00553579-A4A3-4254-93D4-94214D56BA8F}.Release|Any CPU.Build.0 = Release|Any CPU
	EndGlobalSection
	GlobalSection(SolutionProperties) = preSolution
		HideSolutionNode = FALSE
	EndGlobalSection
	GlobalSection(ExtensibilityGlobals) = postSolution
		SolutionGuid = {BA7CBF9A-6111-497E-A9E1-3456194A7FC5}
	EndGlobalSection
EndGlobal
