
Microsoft Visual Studio Solution File, Format Version 12.00
# Visual Studio Version 16
VisualStudioVersion = 16.0.31019.35
MinimumVisualStudioVersion = 10.0.40219.1
Project("{FAE04EC0-301F-11D3-BF4B-00C04F79EFBC}") = "ExerciciosSequencial", "ExerciciosSequencial\ExerciciosSequencial.csproj", "{2C0DA294-2EBB-45ED-BAE9-1F3BED7B6F1F}"
EndProject
Global
	GlobalSection(SolutionConfigurationPlatforms) = preSolution
		Debug|Any CPU = Debug|Any CPU
		Release|Any CPU = Release|Any CPU
	EndGlobalSection
	GlobalSection(ProjectConfigurationPlatforms) = postSolution
		{2C0DA294-2EBB-45ED-BAE9-1F3BED7B6F1F}.Debug|Any CPU.ActiveCfg = Debug|Any CPU
		{2C0DA294-2EBB-45ED-BAE9-1F3BED7B6F1F}.Debug|Any CPU.Build.0 = Debug|Any CPU
		{2C0DA294-2EBB-45ED-BAE9-1F3BED7B6F1F}.Release|Any CPU.ActiveCfg = Release|Any CPU
		{2C0DA294-2EBB-45ED-BAE9-1F3BED7B6F1F}.Release|Any CPU.Build.0 = Release|Any CPU
	EndGlobalSection
	GlobalSection(SolutionProperties) = preSolution
		HideSolutionNode = FALSE
	EndGlobalSection
	GlobalSection(ExtensibilityGlobals) = postSolution
		SolutionGuid = {255D7FB3-6139-4018-BFE6-78CD3864E556}
	EndGlobalSection
EndGlobal
